
Microsoft Visual Studio Solution File, Format Version 12.00
# Visual Studio Version 17
VisualStudioVersion = 17.8.34330.188
MinimumVisualStudioVersion = 10.0.40219.1
Project("{FAE04EC0-301F-11D3-BF4B-00C04F79EFBC}") = "WpfApp", "WpfApp.csproj", "{4E546B48-DDFF-4EDC-818C-12DDD6307676}"
EndProject
Global
	GlobalSection(SolutionConfigurationPlatforms) = preSolution
		Debug|Any CPU = Debug|Any CPU
		Release|Any CPU = Release|Any CPU
	EndGlobalSection
	GlobalSection(ProjectConfigurationPlatforms) = postSolution
		{4E546B48-DDFF-4EDC-818C-12DDD6307676}.Debug|Any CPU.ActiveCfg = Debug|Any CPU
		{4E546B48-DDFF-4EDC-818C-12DDD6307676}.Debug|Any CPU.Build.0 = Debug|Any CPU
		{4E546B48-DDFF-4EDC-818C-12DDD6307676}.Release|Any CPU.ActiveCfg = Release|Any CPU
		{4E546B48-DDFF-4EDC-818C-12DDD6307676}.Release|Any CPU.Build.0 = Release|Any CPU
	EndGlobalSection
	GlobalSection(SolutionProperties) = preSolution
		HideSolutionNode = FALSE
	EndGlobalSection
	GlobalSection(ExtensibilityGlobals) = postSolution
		SolutionGuid = {AFD76A05-3559-4C54-9378-47D22557765C}
	EndGlobalSection
EndGlobal
